dependencies:
  espp/adc:
    component_hash: 3227da5c700828845c2bacc4ce8e5ef49d2ebfe6db6e9378769ffb976f57b526
    dependencies:
    - name: espp/base_component
      registry_url: https://components.espressif.com
      require: private
      version: '>=1.0'
    - name: espp/task
      registry_url: https://components.espressif.com
      require: private
      version: '>=1.0'
    - name: idf
      require: private
      version: '>=5.0'
    source:
      registry_url: https://components.espressif.com
      type: service
    version: 1.0.30
  espp/base_component:
    component_hash: 4eb622f2705843fc76215d51d834ee7297522e883378e706a998d4fa6e49f231
    dependencies:
    - name: espp/logger
      registry_url: https://components.espressif.com
      require: private
      version: '>=1.0'
    - name: idf
      require: private
      version: '>=5.0'
    source:
      registry_url: https://components.espressif.com
      type: service
    version: 1.0.30
  espp/base_peripheral:
    component_hash: d852ab634677571e03f7ab3e871260601c33d46b00c59c56f1361a764734fff6
    dependencies:
    - name: espp/base_component
      registry_url: https://components.espressif.com
      require: private
      version: '>=1.0'
    - name: idf
      require: private
      version: '>=5.0'
    source:
      registry_url: https://components.espressif.com
      type: service
    version: 1.0.30
  espp/bm8563:
    component_hash: 5a8c35de2aef522e0af4fe7e6d26dd640c4928c1aed331a350949233789e2deb
    dependencies:
    - name: espp/base_peripheral
      registry_url: https://components.espressif.com
      require: private
      version: '>=1.0'
    - name: espp/utils
      registry_url: https://components.espressif.com
      require: private
      version: '>=1.0'
    - name: idf
      require: private
      version: '>=5.0'
    source:
      registry_url: https://components.espressif.com
      type: service
    version: 1.0.30
  espp/cli:
    component_hash: 3578f0bdeef0074284aee15d2dc3f3f6d8a36cd198d0c6e39a8c6cc9ebe3203e
    dependencies:
    - name: espp/logger
      registry_url: https://components.espressif.com
      require: private
      version: '>=1.0'
    - name: idf
      require: private
      version: '>=5.0'
    source:
      registry_url: https://components.espressif.com
      type: service
    version: 1.0.30
  espp/esp32-timer-cam:
    component_hash: c7c2c5a23c3eecff8157aee8f31888720f9f45e542c3a858da8ca39a8fc862e3
    dependencies:
    - name: espp/adc
      registry_url: https://components.espressif.com
      require: private
      version: '>=1.0'
    - name: espp/base_component
      registry_url: https://components.espressif.com
      require: private
      version: '>=1.0'
    - name: espp/bm8563
      registry_url: https://components.espressif.com
      require: private
      version: '>=1.0'
    - name: espp/i2c
      registry_url: https://components.espressif.com
      require: private
      version: '>=1.0'
    - name: espp/interrupt
      registry_url: https://components.espressif.com
      require: private
      version: '>=1.0'
    - name: espp/led
      registry_url: https://components.espressif.com
      require: private
      version: '>=1.0'
    - name: espp/math
      registry_url: https://components.espressif.com
      require: private
      version: '>=1.0'
    - name: espp/task
      registry_url: https://components.espressif.com
      require: private
      version: '>=1.0'
    - name: idf
      require: private
      version: '>=5.0'
    source:
      registry_url: https://components.espressif.com/
      type: service
    targets:
    - esp32
    version: 1.0.30
  espp/format:
    component_hash: a36e56d8620d28997f37a41f005bd0af70ccf025f38320738f148e2c9579f2f1
    dependencies:
    - name: idf
      require: private
      version: '>=5.0'
    source:
      registry_url: https://components.espressif.com
      type: service
    version: 1.0.30
  espp/i2c:
    component_hash: 3a2b9d4724627cacf0fd7311ceeb1a54e52dadb555664fb4d110262bee760730
    dependencies:
    - name: espp/base_component
      registry_url: https://components.espressif.com
      require: private
      version: '>=1.0'
    - name: espp/cli
      registry_url: https://components.espressif.com
      require: private
      version: '>=1.0'
    - name: espp/task
      registry_url: https://components.espressif.com
      require: private
      version: '>=1.0'
    - name: idf
      require: private
      version: '>=5.0'
    source:
      registry_url: https://components.espressif.com
      type: service
    version: 1.0.30
  espp/interrupt:
    component_hash: efe025b341ab8c5f6c46b165435270c40917fab4203417c040c93733772de65e
    dependencies:
    - name: espp/base_component
      registry_url: https://components.espressif.com
      require: private
      version: '>=1.0'
    - name: espp/task
      registry_url: https://components.espressif.com
      require: private
      version: '>=1.0'
    - name: idf
      require: private
      version: '>=5.0'
    source:
      registry_url: https://components.espressif.com
      type: service
    version: 1.0.30
  espp/led:
    component_hash: 54b46f77c1b0a99abfad0b31c5543587413f0c32f5a86f1a4f24fbe561e3bcb2
    dependencies:
    - name: espp/base_component
      registry_url: https://components.espressif.com
      require: private
      version: '>=1.0'
    - name: espp/task
      registry_url: https://components.espressif.com
      require: private
      version: '>=1.0'
    - name: idf
      require: private
      version: '>=5.0'
    source:
      registry_url: https://components.espressif.com
      type: service
    version: 1.0.30
  espp/logger:
    component_hash: 8e6fc4cb3ff9feabd726a5c6fa6465b3fafc704b7c8b283232f9bf98fa517bd8
    dependencies:
    - name: espp/format
      registry_url: https://components.espressif.com
      require: private
      version: '>=1.0'
    - name: idf
      require: private
      version: '>=5.0'
    source:
      registry_url: https://components.espressif.com
      type: service
    version: 1.0.30
  espp/math:
    component_hash: 9fff8c6bcf2db4a715272a211a7f39738f36cad4f7bba90d03ef86429bce7fd8
    dependencies:
    - name: espp/format
      registry_url: https://components.espressif.com
      require: private
      version: '>=1.0'
    - name: idf
      require: private
      version: '>=5.0'
    source:
      registry_url: https://components.espressif.com
      type: service
    version: 1.0.30
  espp/monitor:
    component_hash: 61ec113c1a946bb6a9ad030f449aed0f632b78187ad1409ab386f853e1dea1a7
    dependencies:
    - name: espp/base_component
      registry_url: https://components.espressif.com
      require: private
      version: '>=1.0'
    - name: espp/task
      registry_url: https://components.espressif.com
      require: private
      version: '>=1.0'
    - name: idf
      require: private
      version: '>=5.0'
    source:
      registry_url: https://components.espressif.com/
      type: service
    version: 1.0.30
  espp/nvs:
    component_hash: 31c1eb637be8d4ab3b34b4a06b12293b545537352b5711d669402f1d8e8d9685
    dependencies:
    - name: espp/base_component
      registry_url: https://components.espressif.com
      require: private
      version: '>=1.0'
    - name: idf
      require: private
      version: '>=5.0'
    source:
      registry_url: https://components.espressif.com/
      type: service
    version: 1.0.30
  espp/rtsp:
    component_hash: baf4a106182c3a0a6e2251fb6e1f771be88e150bcd8109335a9f09e3728eeaa5
    dependencies:
    - name: espp/base_component
      registry_url: https://components.espressif.com
      require: private
      version: '>=1.0'
    - name: espp/socket
      registry_url: https://components.espressif.com
      require: private
      version: '>=1.0'
    - name: espp/task
      registry_url: https://components.espressif.com
      require: private
      version: '>=1.0'
    - name: idf
      require: private
      version: '>=5.0'
    source:
      registry_url: https://components.espressif.com/
      type: service
    version: 1.0.30
  espp/socket:
    component_hash: 61ec4c78515c373c6db4ca70c8786990abf4cfaa22f3c075374a22e2c27b7eea
    dependencies:
    - name: espp/base_component
      registry_url: https://components.espressif.com
      require: private
      version: '>=1.0'
    - name: espp/task
      registry_url: https://components.espressif.com
      require: private
      version: '>=1.0'
    - name: idf
      require: private
      version: '>=5.0'
    source:
      registry_url: https://components.espressif.com/
      type: service
    version: 1.0.30
  espp/task:
    component_hash: cd70ed978a323cd53b25862fc9b00a01eedaff32fbca8e422ae3ea921591d4c7
    dependencies:
    - name: espp/base_component
      registry_url: https://components.espressif.com
      require: private
      version: '>=1.0'
    - name: idf
      require: private
      version: '>=5.0'
    source:
      registry_url: https://components.espressif.com/
      type: service
    version: 1.0.30
  espp/utils:
    component_hash: d5b1c58393f34971d49e1fbd00e4429e6653d10b8ae0dc66587f8521875da723
    dependencies:
    - name: idf
      require: private
      version: '>=5.0'
    source:
      registry_url: https://components.espressif.com
      type: service
    version: 1.0.30
  espp/wifi:
    component_hash: 762836329b6aaa19dc343718a460859fd14222c37a676c7bf697128d0d52de97
    dependencies:
    - name: espp/base_component
      registry_url: https://components.espressif.com
      require: private
      version: '>=1.0'
    - name: espp/cli
      registry_url: https://components.espressif.com
      require: private
      version: '>=1.0'
    - name: idf
      require: private
      version: '>=5.0'
    source:
      registry_url: https://components.espressif.com/
      type: service
    version: 1.0.30
  espressif/mdns:
    component_hash: 3ec0af5f6bce310512e90f482388d21cc7c0e99668172d2f895356165fc6f7c5
    dependencies:
    - name: idf
      require: private
      version: '>=5.0'
    source:
      registry_url: https://components.espressif.com/
      type: service
    version: 1.8.2
  idf:
    source:
      type: idf
    version: 5.5.1
direct_dependencies:
- espp/esp32-timer-cam
- espp/monitor
- espp/nvs
- espp/rtsp
- espp/socket
- espp/task
- espp/wifi
- espressif/mdns
- idf
manifest_hash: 16aed063bc123c492341a183a55ed2138ec26f48fc99ba25380455c762a86ee9
target: esp32
version: 2.0.0
